// !$*UTF8*$!
{
	archiveVersion = 1;
	classes = {
	};
	objectVersion = 46;
	objects = {

/* Begin PBXBuildFile section */
		16B94B441F677339008AB131 /* AppDelegate.swift in Sources */ = {isa = PBXBuildFile; fileRef = 16B94B431F677339008AB131 /* AppDelegate.swift */; };
		16B94B461F677339008AB131 /* ViewController.swift in Sources */ = {isa = PBXBuildFile; fileRef = 16B94B451F677339008AB131 /* ViewController.swift */; };
		16B94B491F677339008AB131 /* Main.storyboard in Resources */ = {isa = PBXBuildFile; fileRef = 16B94B471F677339008AB131 /* Main.storyboard */; };
		16B94B4B1F677339008AB131 /* Assets.xcassets in Resources */ = {isa = PBXBuildFile; fileRef = 16B94B4A1F677339008AB131 /* Assets.xcassets */; };
		16B94B4E1F677339008AB131 /* LaunchScreen.storyboard in Resources */ = {isa = PBXBuildFile; fileRef = 16B94B4C1F677339008AB131 /* LaunchScreen.storyboard */; };
/* End PBXBuildFile section */

/* Begin PBXFileReference section */
		16B94B401F677339008AB131 /* Denizli.app */ = {isa = PBXFileReference; explicitFileType = wrapper.application; includeInIndex = 0; path = Denizli.app; sourceTree = BUILT_PRODUCTS_DIR; };
		16B94B431F677339008AB131 /* AppDelegate.swift */ = {isa = PBXFileReference; lastKnownFileType = sourcecode.swift; path = AppDelegate.swift; sourceTree = "<group>"; };
		16B94B451F677339008AB131 /* ViewController.swift */ = {isa = PBXFileReference; lastKnownFileType = sourcecode.swift; path = ViewController.swift; sourceTree = "<group>"; };
		16B94B481F677339008AB131 /* Base */ = {isa = PBXFileReference; lastKnownFileType = file.storyboard; name = Base; path = Base.lproj/Main.storyboard; sourceTree = "<group>"; };
		16B94B4A1F677339008AB131 /* Assets.xcassets */ = {isa = PBXFileReference; lastKnownFileType = folder.assetcatalog; path = Assets.xcassets; sourceTree = "<group>"; };
		16B94B4D1F677339008AB131 /* Base */ = {isa = PBXFileReference; lastKnownFileType = file.storyboard; name = Base; path = Base.lproj/LaunchScreen.storyboard; sourceTree = "<group>"; };
		16B94B4F1F677339008AB131 /* Info.plist */ = {isa = PBXFileReference; lastKnownFileType = text.plist.xml; path = Info.plist; sourceTree = "<group>"; };
/* End PBXFileReference section */

/* Begin PBXFrameworksBuildPhase section */
		16B94B3D1F677339008AB131 /* Frameworks */ = {
			isa = PBXFrameworksBuildPhase;
			buildActionMask = 2147483647;
			files = (
			);
			runOnlyForDeploymentPostprocessing = 0;
		};
/* End PBXFrameworksBuildPhase section */

/* Begin PBXGroup section */
		16B94B371F677339008AB131 = {
			isa = PBXGroup;
			children = (
				16B94B421F677339008AB131 /* Denizli */,
				16B94B411F677339008AB131 /* Products */,
			);
			sourceTree = "<group>";
		};
		16B94B411F677339008AB131 /* Products */ = {
			isa = PBXGroup;
			children = (
				16B94B401F677339008AB131 /* Denizli.app */,
			);
			name = Products;
			sourceTree = "<group>";
		};
		16B94B421F677339008AB131 /* Denizli */ = {
			isa = PBXGroup;
			children = (
				16B94B431F677339008AB131 /* AppDelegate.swift */,
				16B94B451F677339008AB131 /* ViewController.swift */,
				16B94B471F677339008AB131 /* Main.storyboard */,
				16B94B4A1F677339008AB131 /* Assets.xcassets */,
				16B94B4C1F677339008AB131 /* LaunchScreen.storyboard */,
				16B94B4F1F677339008AB131 /* Info.plist */,
			);
			path = Denizli;
			sourceTree = "<group>";
		};
/* End PBXGroup section */

/* Begin PBXNativeTarget section */
		16B94B3F1F677339008AB131 /* Denizli */ = {
			isa = PBXNativeTarget;
			buildConfigurationList = 16B94B521F677339008AB131 /* Build configuration list for PBXNativeTarget "Denizli" */;
			buildPhases = (
				16B94B3C1F677339008AB131 /* Sources */,
				16B94B3D1F677339008AB131 /* Frameworks */,
				16B94B3E1F677339008AB131 /* Resources */,
			);
			buildRules = (
			);
			dependencies = (
			);
			name = Denizli;
			productName = Denizli;
			productReference = 16B94B401F677339008AB131 /* Denizli.app */;
			productType = "com.apple.product-type.application";
		};
/* End PBXNativeTarget section */

/* Begin PBXProject section */
		16B94B381F677339008AB131 /* Project object */ = {
			isa = PBXProject;
			attributes = {
				LastSwiftUpdateCheck = 0830;
				LastUpgradeCheck = 0830;
				ORGANIZATIONNAME = "Ali Topcu";
				TargetAttributes = {
					16B94B3F1F677339008AB131 = {
						CreatedOnToolsVersion = 8.3.3;
						DevelopmentTeam = 8VLR827UP2;
						ProvisioningStyle = Automatic;
					};
				};
			};
			buildConfigurationList = 16B94B3B1F677339008AB131 /* Build configuration list for PBXProject "Denizli" */;
			compatibilityVersion = "Xcode 3.2";
			developmentRegion = English;
			hasScannedForEncodings = 0;
			knownRegions = (
				en,
				Base,
			);
			mainGroup = 16B94B371F677339008AB131;
			productRefGroup = 16B94B411F677339008AB131 /* Products */;
			projectDirPath = "";
			projectRoot = "";
			targets = (
				16B94B3F1F677339008AB131 /* Denizli */,
			);
		};
/* End PBXProject section */

/* Begin PBXResourcesBuildPhase section */
		16B94B3E1F677339008AB131 /* Resources */ = {
			isa = PBXResourcesBuildPhase;
			buildActionMask = 2147483647;
			files = (
				16B94B4E1F677339008AB131 /* LaunchScreen.storyboard in Resources */,
				16B94B4B1F677339008AB131 /* Assets.xcassets in Resources */,
				16B94B491F677339008AB131 /* Main.storyboard in Resources */,
			);
			runOnlyForDeploymentPostprocessing = 0;
		};
/* End PBXResourcesBuildPhase section */

/* Begin PBXSourcesBuildPhase section */
		16B94B3C1F677339008AB131 /* Sources */ = {
			isa = PBXSourcesBuildPhase;
			buildActionMask = 2147483647;
			files = (
				16B94B461F677339008AB131 /* ViewController.swift in Sources */,
				16B94B441F677339008AB131 /* AppDelegate.swift in Sources */,
			);
			runOnlyForDeploymentPostprocessing = 0;
		};
/* End PBXSourcesBuildPhase section */

/* Begin PBXVariantGroup section */
		16B94B471F677339008AB131 /* Main.storyboard */ = {
			isa = PBXVariantGroup;
			children = (
				16B94B481F677339008AB131 /* Base */,
			);
			name = Main.storyboard;
			sourceTree = "<group>";
		};
		16B94B4C1F677339008AB131 /* LaunchScreen.storyboard */ = {
			isa = PBXVariantGroup;
			children = (
				16B94B4D1F677339008AB131 /* Base */,
			);
			name = LaunchScreen.storyboard;
			sourceTree = "<group>";
		};
/* End PBXVariantGroup section */

/* Begin XCBuildConfiguration section */
		16B94B501F677339008AB131 /* Debug */ = {
			isa = XCBuildConfiguration;
			buildSettings = {
				ALWAYS_SEARCH_USER_PATHS = NO;
				CLANG_ANALYZER_NONNULL = YES;
				CLANG_ANALYZER_NUMBER_OBJECT_CONVERSION = YES_AGGRESSIVE;
				CLANG_CXX_LANGUAGE_STANDARD = "gnu++0x";
				CLANG_CXX_LIBRARY = "libc++";
				CLANG_ENABLE_MODULES = YES;
				CLANG_ENABLE_OBJC_ARC = YES;
				CLANG_WARN_BOOL_CONVERSION = YES;
				CLANG_WARN_CONSTANT_CONVERSION = YES;
				CLANG_WARN_DIRECT_OBJC_ISA_USAGE = YES_ERROR;
				CLANG_WARN_DOCUMENTATION_COMMENTS = YES;
				CLANG_WARN_EMPTY_BODY = YES;
				CLANG_WARN_ENUM_CONVERSION = YES;
				CLANG_WARN_INFINITE_RECURSION = YES;
				CLANG_WARN_INT_CONVERSION = YES;
				CLANG_WARN_OBJC_ROOT_CLASS = YES_ERROR;
				CLANG_WARN_SUSPICIOUS_MOVE = YES;
				CLANG_WARN_UNREACHABLE_CODE = YES;
				CLANG_WARN__DUPLICATE_METHOD_MATCH = YES;
				"CODE_SIGN_IDENTITY[sdk=iphoneos*]" = "iPhone Developer";
				COPY_PHASE_STRIP = NO;
				DEBUG_INFORMATION_FORMAT = dwarf;
				ENABLE_STRICT_OBJC_MSGSEND = YES;
				ENABLE_TESTABILITY = YES;
				GCC_C_LANGUAGE_STANDARD = gnu99;
				GCC_DYNAMIC_NO_PIC = NO;
				GCC_NO_COMMON_BLOCKS = YES;
				GCC_OPTIMIZATION_LEVEL = 0;
				GCC_PREPROCESSOR_DEFINITIONS = (
					"DEBUG=1",
					"$(inherited)",
				);
				GCC_WARN_64_TO_32_BIT_CONVERSION = YES;
				GCC_WARN_ABOUT_RETURN_TYPE = YES_ERROR;
				GCC_WARN_UNDECLARED_SELECTOR = YES;
				GCC_WARN_UNINITIALIZED_AUTOS = YES_AGGRESSIVE;
				GCC_WARN_UNUSED_FUNCTION = YES;
				GCC_WARN_UNUSED_VARIABLE = YES;
				IPHONEOS_DEPLOYMENT_TARGET = 10.3;
				MTL_ENABLE_DEBUG_INFO = YES;
				ONLY_ACTIVE_ARCH = YES;
				SDKROOT = iphoneos;
				SWIFT_ACTIVE_COMPILATION_CONDITIONS = DEBUG;
				SWIFT_OPTIMIZATION_LEVEL = "-Onone";
				TARGETED_DEVICE_FAMILY = "1,2";
			};
			name = Debug;
		};
		16B94B511F677339008AB131 /* Release */ = {
			isa = XCBuildConfiguration;
			buildSettings = {
				ALWAYS_SEARCH_USER_PATHS = NO;
				CLANG_ANALYZER_NONNULL = YES;
				CLANG_ANALYZER_NUMBER_OBJECT_CONVERSION = YES_AGGRESSIVE;
				CLANG_CXX_LANGUAGE_STANDARD = "gnu++0x";
				CLANG_CXX_LIBRARY = "libc++";
				CLANG_ENABLE_MODULES = YES;
				CLANG_ENABLE_OBJC_ARC = YES;
				CLANG_WARN_BOOL_CONVERSION = YES;
				CLANG_WARN_CONSTANT_CONVERSION = YES;
				CLANG_WARN_DIRECT_OBJC_ISA_USAGE = YES_ERROR;
				CLANG_WARN_DOCUMENTATION_COMMENTS = YES;
				CLANG_WARN_EMPTY_BODY = YES;
				CLANG_WARN_ENUM_CONVERSION = YES;
				CLANG_WARN_INFINITE_RECURSION = YES;
				CLANG_WARN_INT_CONVERSION = YES;
				CLANG_WARN_OBJC_ROOT_CLASS = YES_ERROR;
				CLANG_WARN_SUSPICIOUS_MOVE = YES;
				CLANG_WARN_UNREACHABLE_CODE = YES;
				CLANG_WARN__DUPLICATE_METHOD_MATCH = YES;
				"CODE_SIGN_IDENTITY[sdk=iphoneos*]" = "iPhone Developer";
				COPY_PHASE_STRIP = NO;
				DEBUG_INFORMATION_FORMAT = "dwarf-with-dsym";
				ENABLE_NS_ASSERTIONS = NO;
				ENABLE_STRICT_OBJC_MSGSEND = YES;
				GCC_C_LANGUAGE_STANDARD = gnu99;
				GCC_NO_COMMON_BLOCKS = YES;
				GCC_WARN_64_TO_32_BIT_CONVERSION = YES;
				GCC_WARN_ABOUT_RETURN_TYPE = YES_ERROR;
				GCC_WARN_UNDECLARED_SELECTOR = YES;
				GCC_WARN_UNINITIALIZED_AUTOS = YES_AGGRESSIVE;
				GCC_WARN_UNUSED_FUNCTION = YES;
				GCC_WARN_UNUSED_VARIABLE = YES;
				IPHONEOS_DEPLOYMENT_TARGET = 10.3;
				MTL_ENABLE_DEBUG_INFO = NO;
				SDKROOT = iphoneos;
				SWIFT_OPTIMIZATION_LEVEL = "-Owholemodule";
				TARGETED_DEVICE_FAMILY = "1,2";
				VALIDATE_PRODUCT = YES;
			};
			name = Release;
		};
		16B94B531F677339008AB131 /* Debug */ = {
			isa = XCBuildConfiguration;
			buildSettings = {
				ASSETCATALOG_COMPILER_APPICON_NAME = AppIcon;
				DEVELOPMENT_TEAM = 8VLR827UP2;
				INFOPLIST_FILE = Denizli/Info.plist;
				LD_RUNPATH_SEARCH_PATHS = "$(inherited) @executable_path/Frameworks";
				PRODUCT_BUNDLE_IDENTIFIER = com.example.atopcu365.Denizli;
				PRODUCT_NAME = "$(TARGET_NAME)";
				SWIFT_VERSION = 3.0;
			};
			name = Debug;
		};
		16B94B541F677339008AB131 /* Release */ = {
			isa = XCBuildConfiguration;
			buildSettings = {
				ASSETCATALOG_COMPILER_APPICON_NAME = AppIcon;
				DEVELOPMENT_TEAM = 8VLR827UP2;
				INFOPLIST_FILE = Denizli/Info.plist;
				LD_RUNPATH_SEARCH_PATHS = "$(inherited) @executable_path/Frameworks";
				PRODUCT_BUNDLE_IDENTIFIER = com.example.atopcu365.Denizli;
				PRODUCT_NAME = "$(TARGET_NAME)";
				SWIFT_VERSION = 3.0;
			};
			name = Release;
		};
/* End XCBuildConfiguration section */

/* Begin XCConfigurationList section */
		16B94B3B1F677339008AB131 /* Build configuration list for PBXProject "Denizli" */ = {
			isa = XCConfigurationList;
			buildConfigurations = (
				16B94B501F677339008AB131 /* Debug */,
				16B94B511F677339008AB131 /* Release */,
			);
			defaultConfigurationIsVisible = 0;
			defaultConfigurationName = Release;
		};
		16B94B521F677339008AB131 /* Build configuration list for PBXNativeTarget "Denizli" */ = {
			isa = XCConfigurationList;
			buildConfigurations = (
				16B94B531F677339008AB131 /* Debug */,
				16B94B541F677339008AB131 /* Release */,
			);
			defaultConfigurationIsVisible = 0;
		};
/* End XCConfigurationList section */
	};
	rootObject = 16B94B381F677339008AB131 /* Project object */;
}
